// !$*UTF8*$!
{
	archiveVersion = 1;
	classes = {
	};
	objectVersion = 55;
	objects = {

/* Begin PBXBuildFile section */
		483DC91A29491901002062B7 /* AddCardForm.swift in Sources */ = {isa = PBXBuildFile; fileRef = 483DC91929491901002062B7 /* AddCardForm.swift */; };
		48B1AAA42947C3B3004B902E /* SpendingTrackerApp.swift in Sources */ = {isa = PBXBuildFile; fileRef = 48B1AAA32947C3B3004B902E /* SpendingTrackerApp.swift */; };
		48B1AAA62947C3B3004B902E /* ContentView.swift in Sources */ = {isa = PBXBuildFile; fileRef = 48B1AAA52947C3B3004B902E /* ContentView.swift */; };
		48B1AAA82947C3B7004B902E /* Assets.xcassets in Resources */ = {isa = PBXBuildFile; fileRef = 48B1AAA72947C3B7004B902E /* Assets.xcassets */; };
		48B1AAAB2947C3B7004B902E /* Preview Assets.xcassets in Resources */ = {isa = PBXBuildFile; fileRef = 48B1AAAA2947C3B7004B902E /* Preview Assets.xcassets */; };
		48B1AAAD2947C3B7004B902E /* Persistence.swift in Sources */ = {isa = PBXBuildFile; fileRef = 48B1AAAC2947C3B7004B902E /* Persistence.swift */; };
		48B1AAB02947C3B7004B902E /* SpendingTracker.xcdatamodeld in Sources */ = {isa = PBXBuildFile; fileRef = 48B1AAAE2947C3B7004B902E /* SpendingTracker.xcdatamodeld */; };
		48B1AABA2947C3B8004B902E /* SpendingTrackerTests.swift in Sources */ = {isa = PBXBuildFile; fileRef = 48B1AAB92947C3B8004B902E /* SpendingTrackerTests.swift */; };
		48B1AAC42947C3B8004B902E /* SpendingTrackerUITests.swift in Sources */ = {isa = PBXBuildFile; fileRef = 48B1AAC32947C3B8004B902E /* SpendingTrackerUITests.swift */; };
		48B1AAC62947C3B8004B902E /* SpendingTrackerUITestsLaunchTests.swift in Sources */ = {isa = PBXBuildFile; fileRef = 48B1AAC52947C3B8004B902E /* SpendingTrackerUITestsLaunchTests.swift */; };
		48B1AAD42947C56A004B902E /* MainView.swift in Sources */ = {isa = PBXBuildFile; fileRef = 48B1AAD32947C56A004B902E /* MainView.swift */; };
		48C89800294D08AF005076D7 /* TransactionListView.swift in Sources */ = {isa = PBXBuildFile; fileRef = 48C897FF294D08AF005076D7 /* TransactionListView.swift */; };
		48E800B8294BB01300C8E67F /* AddTransactionForm.swift in Sources */ = {isa = PBXBuildFile; fileRef = 48E800B7294BB01300C8E67F /* AddTransactionForm.swift */; };
/* End PBXBuildFile section */

/* Begin PBXContainerItemProxy section */
		48B1AAB62947C3B8004B902E /* PBXContainerItemProxy */ = {
			isa = PBXContainerItemProxy;
			containerPortal = 48B1AA982947C3B3004B902E /* Project object */;
			proxyType = 1;
			remoteGlobalIDString = 48B1AA9F2947C3B3004B902E;
			remoteInfo = SpendingTracker;
		};
		48B1AAC02947C3B8004B902E /* PBXContainerItemProxy */ = {
			isa = PBXContainerItemProxy;
			containerPortal = 48B1AA982947C3B3004B902E /* Project object */;
			proxyType = 1;
			remoteGlobalIDString = 48B1AA9F2947C3B3004B902E;
			remoteInfo = SpendingTracker;
		};
/* End PBXContainerItemProxy section */

/* Begin PBXFileReference section */
		483DC91929491901002062B7 /* AddCardForm.swift */ = {isa = PBXFileReference; lastKnownFileType = sourcecode.swift; path = AddCardForm.swift; sourceTree = "<group>"; };
		48B1AAA02947C3B3004B902E /* SpendingTracker.app */ = {isa = PBXFileReference; explicitFileType = wrapper.application; includeInIndex = 0; path = SpendingTracker.app; sourceTree = BUILT_PRODUCTS_DIR; };
		48B1AAA32947C3B3004B902E /* SpendingTrackerApp.swift */ = {isa = PBXFileReference; lastKnownFileType = sourcecode.swift; path = SpendingTrackerApp.swift; sourceTree = "<group>"; };
		48B1AAA52947C3B3004B902E /* ContentView.swift */ = {isa = PBXFileReference; lastKnownFileType = sourcecode.swift; path = ContentView.swift; sourceTree = "<group>"; };
		48B1AAA72947C3B7004B902E /* Assets.xcassets */ = {isa = PBXFileReference; lastKnownFileType = folder.assetcatalog; path = Assets.xcassets; sourceTree = "<group>"; };
		48B1AAAA2947C3B7004B902E /* Preview Assets.xcassets */ = {isa = PBXFileReference; lastKnownFileType = folder.assetcatalog; path = "Preview Assets.xcassets"; sourceTree = "<group>"; };
		48B1AAAC2947C3B7004B902E /* Persistence.swift */ = {isa = PBXFileReference; lastKnownFileType = sourcecode.swift; path = Persistence.swift; sourceTree = "<group>"; };
		48B1AAAF2947C3B7004B902E /* SpendingTracker.xcdatamodel */ = {isa = PBXFileReference; lastKnownFileType = wrapper.xcdatamodel; path = SpendingTracker.xcdatamodel; sourceTree = "<group>"; };
		48B1AAB52947C3B8004B902E /* SpendingTrackerTests.xctest */ = {isa = PBXFileReference; explicitFileType = wrapper.cfbundle; includeInIndex = 0; path = SpendingTrackerTests.xctest; sourceTree = BUILT_PRODUCTS_DIR; };
		48B1AAB92947C3B8004B902E /* SpendingTrackerTests.swift */ = {isa = PBXFileReference; lastKnownFileType = sourcecode.swift; path = SpendingTrackerTests.swift; sourceTree = "<group>"; };
		48B1AABF2947C3B8004B902E /* SpendingTrackerUITests.xctest */ = {isa = PBXFileReference; explicitFileType = wrapper.cfbundle; includeInIndex = 0; path = SpendingTrackerUITests.xctest; sourceTree = BUILT_PRODUCTS_DIR; };
		48B1AAC32947C3B8004B902E /* SpendingTrackerUITests.swift */ = {isa = PBXFileReference; lastKnownFileType = sourcecode.swift; path = SpendingTrackerUITests.swift; sourceTree = "<group>"; };
		48B1AAC52947C3B8004B902E /* SpendingTrackerUITestsLaunchTests.swift */ = {isa = PBXFileReference; lastKnownFileType = sourcecode.swift; path = SpendingTrackerUITestsLaunchTests.swift; sourceTree = "<group>"; };
		48B1AAD32947C56A004B902E /* MainView.swift */ = {isa = PBXFileReference; lastKnownFileType = sourcecode.swift; path = MainView.swift; sourceTree = "<group>"; };
		48C897FF294D08AF005076D7 /* TransactionListView.swift */ = {isa = PBXFileReference; lastKnownFileType = sourcecode.swift; path = TransactionListView.swift; sourceTree = "<group>"; };
		48E800B7294BB01300C8E67F /* AddTransactionForm.swift */ = {isa = PBXFileReference; lastKnownFileType = sourcecode.swift; path = AddTransactionForm.swift; sourceTree = "<group>"; };
/* End PBXFileReference section */

/* Begin PBXFrameworksBuildPhase section */
		48B1AA9D2947C3B3004B902E /* Frameworks */ = {
			isa = PBXFrameworksBuildPhase;
			buildActionMask = 2147483647;
			files = (
			);
			runOnlyForDeploymentPostprocessing = 0;
		};
		48B1AAB22947C3B8004B902E /* Frameworks */ = {
			isa = PBXFrameworksBuildPhase;
			buildActionMask = 2147483647;
			files = (
			);
			runOnlyForDeploymentPostprocessing = 0;
		};
		48B1AABC2947C3B8004B902E /* Frameworks */ = {
			isa = PBXFrameworksBuildPhase;
			buildActionMask = 2147483647;
			files = (
			);
			runOnlyForDeploymentPostprocessing = 0;
		};
/* End PBXFrameworksBuildPhase section */

/* Begin PBXGroup section */
		483DC918294918F0002062B7 /* AddCard */ = {
			isa = PBXGroup;
			children = (
				483DC91929491901002062B7 /* AddCardForm.swift */,
			);
			path = AddCard;
			sourceTree = "<group>";
		};
		48B1AA972947C3B3004B902E = {
			isa = PBXGroup;
			children = (
				48B1AAA22947C3B3004B902E /* SpendingTracker */,
				48B1AAB82947C3B8004B902E /* SpendingTrackerTests */,
				48B1AAC22947C3B8004B902E /* SpendingTrackerUITests */,
				48B1AAA12947C3B3004B902E /* Products */,
			);
			sourceTree = "<group>";
		};
		48B1AAA12947C3B3004B902E /* Products */ = {
			isa = PBXGroup;
			children = (
				48B1AAA02947C3B3004B902E /* SpendingTracker.app */,
				48B1AAB52947C3B8004B902E /* SpendingTrackerTests.xctest */,
				48B1AABF2947C3B8004B902E /* SpendingTrackerUITests.xctest */,
			);
			name = Products;
			sourceTree = "<group>";
		};
		48B1AAA22947C3B3004B902E /* SpendingTracker */ = {
			isa = PBXGroup;
			children = (
				48E800B6294BAFFF00C8E67F /* Transaction */,
				483DC918294918F0002062B7 /* AddCard */,
				48B1AAD22947C55C004B902E /* Main */,
				48B1AAA32947C3B3004B902E /* SpendingTrackerApp.swift */,
				48B1AAA52947C3B3004B902E /* ContentView.swift */,
				48B1AAA72947C3B7004B902E /* Assets.xcassets */,
				48B1AAAC2947C3B7004B902E /* Persistence.swift */,
				48B1AAAE2947C3B7004B902E /* SpendingTracker.xcdatamodeld */,
				48B1AAA92947C3B7004B902E /* Preview Content */,
			);
			path = SpendingTracker;
			sourceTree = "<group>";
		};
		48B1AAA92947C3B7004B902E /* Preview Content */ = {
			isa = PBXGroup;
			children = (
				48B1AAAA2947C3B7004B902E /* Preview Assets.xcassets */,
			);
			path = "Preview Content";
			sourceTree = "<group>";
		};
		48B1AAB82947C3B8004B902E /* SpendingTrackerTests */ = {
			isa = PBXGroup;
			children = (
				48B1AAB92947C3B8004B902E /* SpendingTrackerTests.swift */,
			);
			path = SpendingTrackerTests;
			sourceTree = "<group>";
		};
		48B1AAC22947C3B8004B902E /* SpendingTrackerUITests */ = {
			isa = PBXGroup;
			children = (
				48B1AAC32947C3B8004B902E /* SpendingTrackerUITests.swift */,
				48B1AAC52947C3B8004B902E /* SpendingTrackerUITestsLaunchTests.swift */,
			);
			path = SpendingTrackerUITests;
			sourceTree = "<group>";
		};
		48B1AAD22947C55C004B902E /* Main */ = {
			isa = PBXGroup;
			children = (
				48B1AAD32947C56A004B902E /* MainView.swift */,
			);
			path = Main;
			sourceTree = "<group>";
		};
		48E800B6294BAFFF00C8E67F /* Transaction */ = {
			isa = PBXGroup;
			children = (
				48E800B7294BB01300C8E67F /* AddTransactionForm.swift */,
				48C897FF294D08AF005076D7 /* TransactionListView.swift */,
			);
			path = Transaction;
			sourceTree = "<group>";
		};
/* End PBXGroup section */

/* Begin PBXNativeTarget section */
		48B1AA9F2947C3B3004B902E /* SpendingTracker */ = {
			isa = PBXNativeTarget;
			buildConfigurationList = 48B1AAC92947C3B8004B902E /* Build configuration list for PBXNativeTarget "SpendingTracker" */;
			buildPhases = (
				48B1AA9C2947C3B3004B902E /* Sources */,
				48B1AA9D2947C3B3004B902E /* Frameworks */,
				48B1AA9E2947C3B3004B902E /* Resources */,
			);
			buildRules = (
			);
			dependencies = (
			);
			name = SpendingTracker;
			productName = SpendingTracker;
			productReference = 48B1AAA02947C3B3004B902E /* SpendingTracker.app */;
			productType = "com.apple.product-type.application";
		};
		48B1AAB42947C3B8004B902E /* SpendingTrackerTests */ = {
			isa = PBXNativeTarget;
			buildConfigurationList = 48B1AACC2947C3B8004B902E /* Build configuration list for PBXNativeTarget "SpendingTrackerTests" */;
			buildPhases = (
				48B1AAB12947C3B8004B902E /* Sources */,
				48B1AAB22947C3B8004B902E /* Frameworks */,
				48B1AAB32947C3B8004B902E /* Resources */,
			);
			buildRules = (
			);
			dependencies = (
				48B1AAB72947C3B8004B902E /* PBXTargetDependency */,
			);
			name = SpendingTrackerTests;
			productName = SpendingTrackerTests;
			productReference = 48B1AAB52947C3B8004B902E /* SpendingTrackerTests.xctest */;
			productType = "com.apple.product-type.bundle.unit-test";
		};
		48B1AABE2947C3B8004B902E /* SpendingTrackerUITests */ = {
			isa = PBXNativeTarget;
			buildConfigurationList = 48B1AACF2947C3B8004B902E /* Build configuration list for PBXNativeTarget "SpendingTrackerUITests" */;
			buildPhases = (
				48B1AABB2947C3B8004B902E /* Sources */,
				48B1AABC2947C3B8004B902E /* Frameworks */,
				48B1AABD2947C3B8004B902E /* Resources */,
			);
			buildRules = (
			);
			dependencies = (
				48B1AAC12947C3B8004B902E /* PBXTargetDependency */,
			);
			name = SpendingTrackerUITests;
			productName = SpendingTrackerUITests;
			productReference = 48B1AABF2947C3B8004B902E /* SpendingTrackerUITests.xctest */;
			productType = "com.apple.product-type.bundle.ui-testing";
		};
/* End PBXNativeTarget section */

/* Begin PBXProject section */
		48B1AA982947C3B3004B902E /* Project object */ = {
			isa = PBXProject;
			attributes = {
				BuildIndependentTargetsInParallel = 1;
				LastSwiftUpdateCheck = 1330;
				LastUpgradeCheck = 1330;
				TargetAttributes = {
					48B1AA9F2947C3B3004B902E = {
						CreatedOnToolsVersion = 13.3.1;
					};
					48B1AAB42947C3B8004B902E = {
						CreatedOnToolsVersion = 13.3.1;
						TestTargetID = 48B1AA9F2947C3B3004B902E;
					};
					48B1AABE2947C3B8004B902E = {
						CreatedOnToolsVersion = 13.3.1;
						TestTargetID = 48B1AA9F2947C3B3004B902E;
					};
				};
			};
			buildConfigurationList = 48B1AA9B2947C3B3004B902E /* Build configuration list for PBXProject "SpendingTracker" */;
			compatibilityVersion = "Xcode 13.0";
			developmentRegion = en;
			hasScannedForEncodings = 0;
			knownRegions = (
				en,
				Base,
			);
			mainGroup = 48B1AA972947C3B3004B902E;
			productRefGroup = 48B1AAA12947C3B3004B902E /* Products */;
			projectDirPath = "";
			projectRoot = "";
			targets = (
				48B1AA9F2947C3B3004B902E /* SpendingTracker */,
				48B1AAB42947C3B8004B902E /* SpendingTrackerTests */,
				48B1AABE2947C3B8004B902E /* SpendingTrackerUITests */,
			);
		};
/* End PBXProject section */

/* Begin PBXResourcesBuildPhase section */
		48B1AA9E2947C3B3004B902E /* Resources */ = {
			isa = PBXResourcesBuildPhase;
			buildActionMask = 2147483647;
			files = (
				48B1AAAB2947C3B7004B902E /* Preview Assets.xcassets in Resources */,
				48B1AAA82947C3B7004B902E /* Assets.xcassets in Resources */,
			);
			runOnlyForDeploymentPostprocessing = 0;
		};
		48B1AAB32947C3B8004B902E /* Resources */ = {
			isa = PBXResourcesBuildPhase;
			buildActionMask = 2147483647;
			files = (
			);
			runOnlyForDeploymentPostprocessing = 0;
		};
		48B1AABD2947C3B8004B902E /* Resources */ = {
			isa = PBXResourcesBuildPhase;
			buildActionMask = 2147483647;
			files = (
			);
			runOnlyForDeploymentPostprocessing = 0;
		};
/* End PBXResourcesBuildPhase section */

/* Begin PBXSourcesBuildPhase section */
		48B1AA9C2947C3B3004B902E /* Sources */ = {
			isa = PBXSourcesBuildPhase;
			buildActionMask = 2147483647;
			files = (
				48B1AAB02947C3B7004B902E /* SpendingTracker.xcdatamodeld in Sources */,
				48C89800294D08AF005076D7 /* TransactionListView.swift in Sources */,
				483DC91A29491901002062B7 /* AddCardForm.swift in Sources */,
				48B1AAAD2947C3B7004B902E /* Persistence.swift in Sources */,
				48E800B8294BB01300C8E67F /* AddTransactionForm.swift in Sources */,
				48B1AAA62947C3B3004B902E /* ContentView.swift in Sources */,
				48B1AAD42947C56A004B902E /* MainView.swift in Sources */,
				48B1AAA42947C3B3004B902E /* SpendingTrackerApp.swift in Sources */,
			);
			runOnlyForDeploymentPostprocessing = 0;
		};
		48B1AAB12947C3B8004B902E /* Sources */ = {
			isa = PBXSourcesBuildPhase;
			buildActionMask = 2147483647;
			files = (
				48B1AABA2947C3B8004B902E /* SpendingTrackerTests.swift in Sources */,
			);
			runOnlyForDeploymentPostprocessing = 0;
		};
		48B1AABB2947C3B8004B902E /* Sources */ = {
			isa = PBXSourcesBuildPhase;
			buildActionMask = 2147483647;
			files = (
				48B1AAC42947C3B8004B902E /* SpendingTrackerUITests.swift in Sources */,
				48B1AAC62947C3B8004B902E /* SpendingTrackerUITestsLaunchTests.swift in Sources */,
			);
			runOnlyForDeploymentPostprocessing = 0;
		};
/* End PBXSourcesBuildPhase section */

/* Begin PBXTargetDependency section */
		48B1AAB72947C3B8004B902E /* PBXTargetDependency */ = {
			isa = PBXTargetDependency;
			target = 48B1AA9F2947C3B3004B902E /* SpendingTracker */;
			targetProxy = 48B1AAB62947C3B8004B902E /* PBXContainerItemProxy */;
		};
		48B1AAC12947C3B8004B902E /* PBXTargetDependency */ = {
			isa = PBXTargetDependency;
			target = 48B1AA9F2947C3B3004B902E /* SpendingTracker */;
			targetProxy = 48B1AAC02947C3B8004B902E /* PBXContainerItemProxy */;
		};
/* End PBXTargetDependency section */

/* Begin XCBuildConfiguration section */
		48B1AAC72947C3B8004B902E /* Debug */ = {
			isa = XCBuildConfiguration;
			buildSettings = {
				ALWAYS_SEARCH_USER_PATHS = NO;
				CLANG_ANALYZER_NONNULL = YES;
				CLANG_ANALYZER_NUMBER_OBJECT_CONVERSION = YES_AGGRESSIVE;
				CLANG_CXX_LANGUAGE_STANDARD = "gnu++17";
				CLANG_ENABLE_MODULES = YES;
				CLANG_ENABLE_OBJC_ARC = YES;
				CLANG_ENABLE_OBJC_WEAK = YES;
				CLANG_WARN_BLOCK_CAPTURE_AUTORELEASING = YES;
				CLANG_WARN_BOOL_CONVERSION = YES;
				CLANG_WARN_COMMA = YES;
				CLANG_WARN_CONSTANT_CONVERSION = YES;
				CLANG_WARN_DEPRECATED_OBJC_IMPLEMENTATIONS = YES;
				CLANG_WARN_DIRECT_OBJC_ISA_USAGE = YES_ERROR;
				CLANG_WARN_DOCUMENTATION_COMMENTS = YES;
				CLANG_WARN_EMPTY_BODY = YES;
				CLANG_WARN_ENUM_CONVERSION = YES;
				CLANG_WARN_INFINITE_RECURSION = YES;
				CLANG_WARN_INT_CONVERSION = YES;
				CLANG_WARN_NON_LITERAL_NULL_CONVERSION = YES;
				CLANG_WARN_OBJC_IMPLICIT_RETAIN_SELF = YES;
				CLANG_WARN_OBJC_LITERAL_CONVERSION = YES;
				CLANG_WARN_OBJC_ROOT_CLASS = YES_ERROR;
				CLANG_WARN_QUOTED_INCLUDE_IN_FRAMEWORK_HEADER = YES;
				CLANG_WARN_RANGE_LOOP_ANALYSIS = YES;
				CLANG_WARN_STRICT_PROTOTYPES = YES;
				CLANG_WARN_SUSPICIOUS_MOVE = YES;
				CLANG_WARN_UNGUARDED_AVAILABILITY = YES_AGGRESSIVE;
				CLANG_WARN_UNREACHABLE_CODE = YES;
				CLANG_WARN__DUPLICATE_METHOD_MATCH = YES;
				COPY_PHASE_STRIP = NO;
				DEBUG_INFORMATION_FORMAT = dwarf;
				ENABLE_STRICT_OBJC_MSGSEND = YES;
				ENABLE_TESTABILITY = YES;
				GCC_C_LANGUAGE_STANDARD = gnu11;
				GCC_DYNAMIC_NO_PIC = NO;
				GCC_NO_COMMON_BLOCKS = YES;
				GCC_OPTIMIZATION_LEVEL = 0;
				GCC_PREPROCESSOR_DEFINITIONS = (
					"DEBUG=1",
					"$(inherited)",
				);
				GCC_WARN_64_TO_32_BIT_CONVERSION = YES;
				GCC_WARN_ABOUT_RETURN_TYPE = YES_ERROR;
				GCC_WARN_UNDECLARED_SELECTOR = YES;
				GCC_WARN_UNINITIALIZED_AUTOS = YES_AGGRESSIVE;
				GCC_WARN_UNUSED_FUNCTION = YES;
				GCC_WARN_UNUSED_VARIABLE = YES;
				IPHONEOS_DEPLOYMENT_TARGET = 15.4;
				MTL_ENABLE_DEBUG_INFO = INCLUDE_SOURCE;
				MTL_FAST_MATH = YES;
				ONLY_ACTIVE_ARCH = YES;
				SDKROOT = iphoneos;
				SWIFT_ACTIVE_COMPILATION_CONDITIONS = DEBUG;
				SWIFT_OPTIMIZATION_LEVEL = "-Onone";
			};
			name = Debug;
		};
		48B1AAC82947C3B8004B902E /* Release */ = {
			isa = XCBuildConfiguration;
			buildSettings = {
				ALWAYS_SEARCH_USER_PATHS = NO;
				CLANG_ANALYZER_NONNULL = YES;
				CLANG_ANALYZER_NUMBER_OBJECT_CONVERSION = YES_AGGRESSIVE;
				CLANG_CXX_LANGUAGE_STANDARD = "gnu++17";
				CLANG_ENABLE_MODULES = YES;
				CLANG_ENABLE_OBJC_ARC = YES;
				CLANG_ENABLE_OBJC_WEAK = YES;
				CLANG_WARN_BLOCK_CAPTURE_AUTORELEASING = YES;
				CLANG_WARN_BOOL_CONVERSION = YES;
				CLANG_WARN_COMMA = YES;
				CLANG_WARN_CONSTANT_CONVERSION = YES;
				CLANG_WARN_DEPRECATED_OBJC_IMPLEMENTATIONS = YES;
				CLANG_WARN_DIRECT_OBJC_ISA_USAGE = YES_ERROR;
				CLANG_WARN_DOCUMENTATION_COMMENTS = YES;
				CLANG_WARN_EMPTY_BODY = YES;
				CLANG_WARN_ENUM_CONVERSION = YES;
				CLANG_WARN_INFINITE_RECURSION = YES;
				CLANG_WARN_INT_CONVERSION = YES;
				CLANG_WARN_NON_LITERAL_NULL_CONVERSION = YES;
				CLANG_WARN_OBJC_IMPLICIT_RETAIN_SELF = YES;
				CLANG_WARN_OBJC_LITERAL_CONVERSION = YES;
				CLANG_WARN_OBJC_ROOT_CLASS = YES_ERROR;
				CLANG_WARN_QUOTED_INCLUDE_IN_FRAMEWORK_HEADER = YES;
				CLANG_WARN_RANGE_LOOP_ANALYSIS = YES;
				CLANG_WARN_STRICT_PROTOTYPES = YES;
				CLANG_WARN_SUSPICIOUS_MOVE = YES;
				CLANG_WARN_UNGUARDED_AVAILABILITY = YES_AGGRESSIVE;
				CLANG_WARN_UNREACHABLE_CODE = YES;
				CLANG_WARN__DUPLICATE_METHOD_MATCH = YES;
				COPY_PHASE_STRIP = NO;
				DEBUG_INFORMATION_FORMAT = "dwarf-with-dsym";
				ENABLE_NS_ASSERTIONS = NO;
				ENABLE_STRICT_OBJC_MSGSEND = YES;
				GCC_C_LANGUAGE_STANDARD = gnu11;
				GCC_NO_COMMON_BLOCKS = YES;
				GCC_WARN_64_TO_32_BIT_CONVERSION = YES;
				GCC_WARN_ABOUT_RETURN_TYPE = YES_ERROR;
				GCC_WARN_UNDECLARED_SELECTOR = YES;
				GCC_WARN_UNINITIALIZED_AUTOS = YES_AGGRESSIVE;
				GCC_WARN_UNUSED_FUNCTION = YES;
				GCC_WARN_UNUSED_VARIABLE = YES;
				IPHONEOS_DEPLOYMENT_TARGET = 15.4;
				MTL_ENABLE_DEBUG_INFO = NO;
				MTL_FAST_MATH = YES;
				SDKROOT = iphoneos;
				SWIFT_COMPILATION_MODE = wholemodule;
				SWIFT_OPTIMIZATION_LEVEL = "-O";
				VALIDATE_PRODUCT = YES;
			};
			name = Release;
		};
		48B1AACA2947C3B8004B902E /* Debug */ = {
			isa = XCBuildConfiguration;
			buildSettings = {
				ASSETCATALOG_COMPILER_APPICON_NAME = AppIcon;
				ASSETCATALOG_COMPILER_GLOBAL_ACCENT_COLOR_NAME = AccentColor;
				CODE_SIGN_STYLE = Automatic;
				CURRENT_PROJECT_VERSION = 1;
				DEVELOPMENT_ASSET_PATHS = "\"SpendingTracker/Preview Content\"";
				ENABLE_PREVIEWS = YES;
				GENERATE_INFOPLIST_FILE = YES;
				INFOPLIST_KEY_UIApplicationSceneManifest_Generation = YES;
				INFOPLIST_KEY_UIApplicationSupportsIndirectInputEvents = YES;
				INFOPLIST_KEY_UILaunchScreen_Generation = YES;
				INFOPLIST_KEY_UISupportedInterfaceOrientations_iPad = "UIInterfaceOrientationPortrait UIInterfaceOrientationPortraitUpsideDown UIInterfaceOrientationLandscapeLeft UIInterfaceOrientationLandscapeRight";
				INFOPLIST_KEY_UISupportedInterfaceOrientations_iPhone = "UIInterfaceOrientationPortrait UIInterfaceOrientationLandscapeLeft UIInterfaceOrientationLandscapeRight";
				LD_RUNPATH_SEARCH_PATHS = (
					"$(inherited)",
					"@executable_path/Frameworks",
				);
				MARKETING_VERSION = 1.0;
				PRODUCT_BUNDLE_IDENTIFIER = com.omarthamri.SpendingTracker;
				PRODUCT_NAME = "$(TARGET_NAME)";
				SWIFT_EMIT_LOC_STRINGS = YES;
				SWIFT_VERSION = 5.0;
				TARGETED_DEVICE_FAMILY = "1,2";
			};
			name = Debug;
		};
		48B1AACB2947C3B8004B902E /* Release */ = {
			isa = XCBuildConfiguration;
			buildSettings = {
				ASSETCATALOG_COMPILER_APPICON_NAME = AppIcon;
				ASSETCATALOG_COMPILER_GLOBAL_ACCENT_COLOR_NAME = AccentColor;
				CODE_SIGN_STYLE = Automatic;
				CURRENT_PROJECT_VERSION = 1;
				DEVELOPMENT_ASSET_PATHS = "\"SpendingTracker/Preview Content\"";
				ENABLE_PREVIEWS = YES;
				GENERATE_INFOPLIST_FILE = YES;
				INFOPLIST_KEY_UIApplicationSceneManifest_Generation = YES;
				INFOPLIST_KEY_UIApplicationSupportsIndirectInputEvents = YES;
				INFOPLIST_KEY_UILaunchScreen_Generation = YES;
				INFOPLIST_KEY_UISupportedInterfaceOrientations_iPad = "UIInterfaceOrientationPortrait UIInterfaceOrientationPortraitUpsideDown UIInterfaceOrientationLandscapeLeft UIInterfaceOrientationLandscapeRight";
				INFOPLIST_KEY_UISupportedInterfaceOrientations_iPhone = "UIInterfaceOrientationPortrait UIInterfaceOrientationLandscapeLeft UIInterfaceOrientationLandscapeRight";
				LD_RUNPATH_SEARCH_PATHS = (
					"$(inherited)",
					"@executable_path/Frameworks",
				);
				MARKETING_VERSION = 1.0;
				PRODUCT_BUNDLE_IDENTIFIER = com.omarthamri.SpendingTracker;
				PRODUCT_NAME = "$(TARGET_NAME)";
				SWIFT_EMIT_LOC_STRINGS = YES;
				SWIFT_VERSION = 5.0;
				TARGETED_DEVICE_FAMILY = "1,2";
			};
			name = Release;
		};
		48B1AACD2947C3B8004B902E /* Debug */ = {
			isa = XCBuildConfiguration;
			buildSettings = {
				ALWAYS_EMBED_SWIFT_STANDARD_LIBRARIES = YES;
				BUNDLE_LOADER = "$(TEST_HOST)";
				CODE_SIGN_STYLE = Automatic;
				CURRENT_PROJECT_VERSION = 1;
				GENERATE_INFOPLIST_FILE = YES;
				IPHONEOS_DEPLOYMENT_TARGET = 15.4;
				MARKETING_VERSION = 1.0;
				PRODUCT_BUNDLE_IDENTIFIER = com.omarthamri.SpendingTrackerTests;
				PRODUCT_NAME = "$(TARGET_NAME)";
				SWIFT_EMIT_LOC_STRINGS = NO;
				SWIFT_VERSION = 5.0;
				TARGETED_DEVICE_FAMILY = "1,2";
				TEST_HOST = "$(BUILT_PRODUCTS_DIR)/SpendingTracker.app/SpendingTracker";
			};
			name = Debug;
		};
		48B1AACE2947C3B8004B902E /* Release */ = {
			isa = XCBuildConfiguration;
			buildSettings = {
				ALWAYS_EMBED_SWIFT_STANDARD_LIBRARIES = YES;
				BUNDLE_LOADER = "$(TEST_HOST)";
				CODE_SIGN_STYLE = Automatic;
				CURRENT_PROJECT_VERSION = 1;
				GENERATE_INFOPLIST_FILE = YES;
				IPHONEOS_DEPLOYMENT_TARGET = 15.4;
				MARKETING_VERSION = 1.0;
				PRODUCT_BUNDLE_IDENTIFIER = com.omarthamri.SpendingTrackerTests;
				PRODUCT_NAME = "$(TARGET_NAME)";
				SWIFT_EMIT_LOC_STRINGS = NO;
				SWIFT_VERSION = 5.0;
				TARGETED_DEVICE_FAMILY = "1,2";
				TEST_HOST = "$(BUILT_PRODUCTS_DIR)/SpendingTracker.app/SpendingTracker";
			};
			name = Release;
		};
		48B1AAD02947C3B8004B902E /* Debug */ = {
			isa = XCBuildConfiguration;
			buildSettings = {
				ALWAYS_EMBED_SWIFT_STANDARD_LIBRARIES = YES;
				CODE_SIGN_STYLE = Automatic;
				CURRENT_PROJECT_VERSION = 1;
				GENERATE_INFOPLIST_FILE = YES;
				MARKETING_VERSION = 1.0;
				PRODUCT_BUNDLE_IDENTIFIER = com.omarthamri.SpendingTrackerUITests;
				PRODUCT_NAME = "$(TARGET_NAME)";
				SWIFT_EMIT_LOC_STRINGS = NO;
				SWIFT_VERSION = 5.0;
				TARGETED_DEVICE_FAMILY = "1,2";
				TEST_TARGET_NAME = SpendingTracker;
			};
			name = Debug;
		};
		48B1AAD12947C3B8004B902E /* Release */ = {
			isa = XCBuildConfiguration;
			buildSettings = {
				ALWAYS_EMBED_SWIFT_STANDARD_LIBRARIES = YES;
				CODE_SIGN_STYLE = Automatic;
				CURRENT_PROJECT_VERSION = 1;
				GENERATE_INFOPLIST_FILE = YES;
				MARKETING_VERSION = 1.0;
				PRODUCT_BUNDLE_IDENTIFIER = com.omarthamri.SpendingTrackerUITests;
				PRODUCT_NAME = "$(TARGET_NAME)";
				SWIFT_EMIT_LOC_STRINGS = NO;
				SWIFT_VERSION = 5.0;
				TARGETED_DEVICE_FAMILY = "1,2";
				TEST_TARGET_NAME = SpendingTracker;
			};
			name = Release;
		};
/* End XCBuildConfiguration section */

/* Begin XCConfigurationList section */
		48B1AA9B2947C3B3004B902E /* Build configuration list for PBXProject "SpendingTracker" */ = {
			isa = XCConfigurationList;
			buildConfigurations = (
				48B1AAC72947C3B8004B902E /* Debug */,
				48B1AAC82947C3B8004B902E /* Release */,
			);
			defaultConfigurationIsVisible = 0;
			defaultConfigurationName = Release;
		};
		48B1AAC92947C3B8004B902E /* Build configuration list for PBXNativeTarget "SpendingTracker" */ = {
			isa = XCConfigurationList;
			buildConfigurations = (
				48B1AACA2947C3B8004B902E /* Debug */,
				48B1AACB2947C3B8004B902E /* Release */,
			);
			defaultConfigurationIsVisible = 0;
			defaultConfigurationName = Release;
		};
		48B1AACC2947C3B8004B902E /* Build configuration list for PBXNativeTarget "SpendingTrackerTests" */ = {
			isa = XCConfigurationList;
			buildConfigurations = (
				48B1AACD2947C3B8004B902E /* Debug */,
				48B1AACE2947C3B8004B902E /* Release */,
			);
			defaultConfigurationIsVisible = 0;
			defaultConfigurationName = Release;
		};
		48B1AACF2947C3B8004B902E /* Build configuration list for PBXNativeTarget "SpendingTrackerUITests" */ = {
			isa = XCConfigurationList;
			buildConfigurations = (
				48B1AAD02947C3B8004B902E /* Debug */,
				48B1AAD12947C3B8004B902E /* Release */,
			);
			defaultConfigurationIsVisible = 0;
			defaultConfigurationName = Release;
		};
/* End XCConfigurationList section */

/* Begin XCVersionGroup section */
		48B1AAAE2947C3B7004B902E /* SpendingTracker.xcdatamodeld */ = {
			isa = XCVersionGroup;
			children = (
				48B1AAAF2947C3B7004B902E /* SpendingTracker.xcdatamodel */,
			);
			currentVersion = 48B1AAAF2947C3B7004B902E /* SpendingTracker.xcdatamodel */;
			path = SpendingTracker.xcdatamodeld;
			sourceTree = "<group>";
			versionGroupType = wrapper.xcdatamodel;
		};
/* End XCVersionGroup section */
	};
	rootObject = 48B1AA982947C3B3004B902E /* Project object */;
}
